
Microsoft Visual Studio Solution File, Format Version 12.00
# Visual Studio Version 17
VisualStudioVersion = 17.3.32901.215
MinimumVisualStudioVersion = 10.0.40219.1
Project("{FAE04EC0-301F-11D3-BF4B-00C04F79EFBC}") = "StackPanel", "LayoutOfElements\StackPanel.csproj", "{6AADEF1B-BEC0-4773-B346-17AA2A748C40}"
EndProject
Global
	GlobalSection(SolutionConfigurationPlatforms) = preSolution
		Debug|Any CPU = Debug|Any CPU
		Release|Any CPU = Release|Any CPU
	EndGlobalSection
	GlobalSection(ProjectConfigurationPlatforms) = postSolution
		{6AADEF1B-BEC0-4773-B346-17AA2A748C40}.Debug|Any CPU.ActiveCfg = Debug|Any CPU
		{6AADEF1B-BEC0-4773-B346-17AA2A748C40}.Debug|Any CPU.Build.0 = Debug|Any CPU
		{6AADEF1B-BEC0-4773-B346-17AA2A748C40}.Release|Any CPU.ActiveCfg = Release|Any CPU
		{6AADEF1B-BEC0-4773-B346-17AA2A748C40}.Release|Any CPU.Build.0 = Release|Any CPU
	EndGlobalSection
	GlobalSection(SolutionProperties) = preSolution
		HideSolutionNode = FALSE
	EndGlobalSection
	GlobalSection(ExtensibilityGlobals) = postSolution
		SolutionGuid = {0BA846AC-A928-4532-92C5-390176CF9DC6}
	EndGlobalSection
EndGlobal
